// !$*UTF8*$!
{
	archiveVersion = 1;
	classes = {
	};
	objectVersion = 56;
	objects = {

/* Begin PBXBuildFile section */
		0536F73D2BCDCBF400CB5479 /* GetEpisodesUseCase.swift in Sources */ = {isa = PBXBuildFile; fileRef = 0536F73C2BCDCBF400CB5479 /* GetEpisodesUseCase.swift */; };
		0536F73F2BCDCC4500CB5479 /* RickMortyRepository.swift in Sources */ = {isa = PBXBuildFile; fileRef = 0536F73E2BCDCC4500CB5479 /* RickMortyRepository.swift */; };
		0536F7412BCDCCFA00CB5479 /* DataLinkDto.swift in Sources */ = {isa = PBXBuildFile; fileRef = 0536F7402BCDCCFA00CB5479 /* DataLinkDto.swift */; };
		0536F7432BCDCEC000CB5479 /* CharacterDto.swift in Sources */ = {isa = PBXBuildFile; fileRef = 0536F7422BCDCEC000CB5479 /* CharacterDto.swift */; };
		0536F7462BCDD04800CB5479 /* CharacterDataDto.swift in Sources */ = {isa = PBXBuildFile; fileRef = 0536F7452BCDD04800CB5479 /* CharacterDataDto.swift */; };
		0536F7482BCDD07600CB5479 /* LocationDataDto.swift in Sources */ = {isa = PBXBuildFile; fileRef = 0536F7472BCDD07600CB5479 /* LocationDataDto.swift */; };
		0536F74A2BCDD0A300CB5479 /* EpisodeDataDto.swift in Sources */ = {isa = PBXBuildFile; fileRef = 0536F7492BCDD0A300CB5479 /* EpisodeDataDto.swift */; };
		0536F74C2BCDD0B800CB5479 /* InfoDto.swift in Sources */ = {isa = PBXBuildFile; fileRef = 0536F74B2BCDD0B800CB5479 /* InfoDto.swift */; };
		0536F74E2BCDD0EE00CB5479 /* LocationDto.swift in Sources */ = {isa = PBXBuildFile; fileRef = 0536F74D2BCDD0EE00CB5479 /* LocationDto.swift */; };
		0536F7502BCDD10600CB5479 /* EpisodeDto.swift in Sources */ = {isa = PBXBuildFile; fileRef = 0536F74F2BCDD10600CB5479 /* EpisodeDto.swift */; };
		0536F7532BCDD30500CB5479 /* DataLinkBo.swift in Sources */ = {isa = PBXBuildFile; fileRef = 0536F7522BCDD30500CB5479 /* DataLinkBo.swift */; };
		0536F7552BCDDE0700CB5479 /* GetCharactersUseCase.swift in Sources */ = {isa = PBXBuildFile; fileRef = 0536F7542BCDDE0700CB5479 /* GetCharactersUseCase.swift */; };
		0536F7572BCDDF2D00CB5479 /* CharacterBo.swift in Sources */ = {isa = PBXBuildFile; fileRef = 0536F7562BCDDF2D00CB5479 /* CharacterBo.swift */; };
		0536F7592BCDE02100CB5479 /* EpisodeBo.swift in Sources */ = {isa = PBXBuildFile; fileRef = 0536F7582BCDE02100CB5479 /* EpisodeBo.swift */; };
		0536F75B2BCDE05400CB5479 /* LocationBo.swift in Sources */ = {isa = PBXBuildFile; fileRef = 0536F75A2BCDE05400CB5479 /* LocationBo.swift */; };
		0536F75D2BCDE07E00CB5479 /* GetLocationsUseCase.swift in Sources */ = {isa = PBXBuildFile; fileRef = 0536F75C2BCDE07E00CB5479 /* GetLocationsUseCase.swift */; };
		0536F75F2BCDE19A00CB5479 /* RickMortyRepositoryImpl.swift in Sources */ = {isa = PBXBuildFile; fileRef = 0536F75E2BCDE19A00CB5479 /* RickMortyRepositoryImpl.swift */; };
		0536F7612BCEEC6500CB5479 /* CharacterDetailBo.swift in Sources */ = {isa = PBXBuildFile; fileRef = 0536F7602BCEEC6500CB5479 /* CharacterDetailBo.swift */; };
		0536F7652BCF293800CB5479 /* CharacterLocationDto.swift in Sources */ = {isa = PBXBuildFile; fileRef = 0536F7642BCF293800CB5479 /* CharacterLocationDto.swift */; };
		0536F7672BCF295A00CB5479 /* CharacterLocationDao.swift in Sources */ = {isa = PBXBuildFile; fileRef = 0536F7662BCF295A00CB5479 /* CharacterLocationDao.swift */; };
		0536F7692BCF2A5D00CB5479 /* CharacterDao.swift in Sources */ = {isa = PBXBuildFile; fileRef = 0536F7682BCF2A5D00CB5479 /* CharacterDao.swift */; };
		0536F76B2BCF2B1000CB5479 /* CharacterDataDao.swift in Sources */ = {isa = PBXBuildFile; fileRef = 0536F76A2BCF2B1000CB5479 /* CharacterDataDao.swift */; };
		0536F76D2BCF2B4200CB5479 /* InfoDao.swift in Sources */ = {isa = PBXBuildFile; fileRef = 0536F76C2BCF2B4200CB5479 /* InfoDao.swift */; };
		0536F76F2BCF2CBB00CB5479 /* EpisodeDao.swift in Sources */ = {isa = PBXBuildFile; fileRef = 0536F76E2BCF2CBB00CB5479 /* EpisodeDao.swift */; };
		0536F7712BCF2D1E00CB5479 /* EpisodeDataDao.swift in Sources */ = {isa = PBXBuildFile; fileRef = 0536F7702BCF2D1E00CB5479 /* EpisodeDataDao.swift */; };
		0536F7732BCF2DA600CB5479 /* LocationDao.swift in Sources */ = {isa = PBXBuildFile; fileRef = 0536F7722BCF2DA600CB5479 /* LocationDao.swift */; };
		0536F7752BCF2E1600CB5479 /* LocationDataDao.swift in Sources */ = {isa = PBXBuildFile; fileRef = 0536F7742BCF2E1600CB5479 /* LocationDataDao.swift */; };
		0536F7772BCF2EA600CB5479 /* DataLinkDao.swift in Sources */ = {isa = PBXBuildFile; fileRef = 0536F7762BCF2EA600CB5479 /* DataLinkDao.swift */; };
		CE44F2792ADB3EBD00A5057E /* ErrorType.swift in Sources */ = {isa = PBXBuildFile; fileRef = CE44F2782ADB3EBD00A5057E /* ErrorType.swift */; };
		CE44F28E2ADB49CD00A5057E /* Constants.swift in Sources */ = {isa = PBXBuildFile; fileRef = CE44F28D2ADB49CD00A5057E /* Constants.swift */; };
		CE44F2992ADC87F200A5057E /* ListCharactersViewModel.swift in Sources */ = {isa = PBXBuildFile; fileRef = CE44F2982ADC87F200A5057E /* ListCharactersViewModel.swift */; };
		CE44F29B2ADC931F00A5057E /* DetailCharacterViewModel.swift in Sources */ = {isa = PBXBuildFile; fileRef = CE44F29A2ADC931F00A5057E /* DetailCharacterViewModel.swift */; };
		CE44F29E2ADC99D900A5057E /* Resolver in Frameworks */ = {isa = PBXBuildFile; productRef = CE44F29D2ADC99D900A5057E /* Resolver */; };
		CE44F2A02ADC99D900A5057E /* Resolver-Dynamic in Frameworks */ = {isa = PBXBuildFile; productRef = CE44F29F2ADC99D900A5057E /* Resolver-Dynamic */; };
		CE44F2A22ADC99D900A5057E /* Resolver-Static in Frameworks */ = {isa = PBXBuildFile; productRef = CE44F2A12ADC99D900A5057E /* Resolver-Static */; };
		CE44F2A42ADC9C0F00A5057E /* injection.swift in Sources */ = {isa = PBXBuildFile; fileRef = CE44F2A32ADC9C0F00A5057E /* injection.swift */; };
		CE44F2A62ADEEB5700A5057E /* Routes.swift in Sources */ = {isa = PBXBuildFile; fileRef = CE44F2A52ADEEB5700A5057E /* Routes.swift */; };
		CE44F2A82ADEEC5200A5057E /* Navigator.swift in Sources */ = {isa = PBXBuildFile; fileRef = CE44F2A72ADEEC5200A5057E /* Navigator.swift */; };
		CE44F2AA2ADEED0E00A5057E /* DetailCharacterView.swift in Sources */ = {isa = PBXBuildFile; fileRef = CE44F2A92ADEED0D00A5057E /* DetailCharacterView.swift */; };
		CE8928702AD8A7820013B358 /* mvvm_iosApp.swift in Sources */ = {isa = PBXBuildFile; fileRef = CE89286F2AD8A7820013B358 /* mvvm_iosApp.swift */; };
		CE8928722AD8A7820013B358 /* ListCharactersView.swift in Sources */ = {isa = PBXBuildFile; fileRef = CE8928712AD8A7820013B358 /* ListCharactersView.swift */; };
		CE8928742AD8A7840013B358 /* Assets.xcassets in Resources */ = {isa = PBXBuildFile; fileRef = CE8928732AD8A7840013B358 /* Assets.xcassets */; };
		CE8928782AD8A7840013B358 /* Preview Assets.xcassets in Resources */ = {isa = PBXBuildFile; fileRef = CE8928772AD8A7840013B358 /* Preview Assets.xcassets */; };
		CE8928822AD8A7850013B358 /* mvvm_iosTests.swift in Sources */ = {isa = PBXBuildFile; fileRef = CE8928812AD8A7850013B358 /* mvvm_iosTests.swift */; };
		CE89288C2AD8A7850013B358 /* mvvm_iosUITests.swift in Sources */ = {isa = PBXBuildFile; fileRef = CE89288B2AD8A7850013B358 /* mvvm_iosUITests.swift */; };
		CE89288E2AD8A7850013B358 /* mvvm_iosUITestsLaunchTests.swift in Sources */ = {isa = PBXBuildFile; fileRef = CE89288D2AD8A7850013B358 /* mvvm_iosUITestsLaunchTests.swift */; };
/* End PBXBuildFile section */

/* Begin PBXContainerItemProxy section */
		CE89287E2AD8A7850013B358 /* PBXContainerItemProxy */ = {
			isa = PBXContainerItemProxy;
			containerPortal = CE8928642AD8A7820013B358 /* Project object */;
			proxyType = 1;
			remoteGlobalIDString = CE89286B2AD8A7820013B358;
			remoteInfo = mvvm_ios;
		};
		CE8928882AD8A7850013B358 /* PBXContainerItemProxy */ = {
			isa = PBXContainerItemProxy;
			containerPortal = CE8928642AD8A7820013B358 /* Project object */;
			proxyType = 1;
			remoteGlobalIDString = CE89286B2AD8A7820013B358;
			remoteInfo = mvvm_ios;
		};
/* End PBXContainerItemProxy section */

/* Begin PBXFileReference section */
		0536F73C2BCDCBF400CB5479 /* GetEpisodesUseCase.swift */ = {isa = PBXFileReference; lastKnownFileType = sourcecode.swift; path = GetEpisodesUseCase.swift; sourceTree = "<group>"; };
		0536F73E2BCDCC4500CB5479 /* RickMortyRepository.swift */ = {isa = PBXFileReference; lastKnownFileType = sourcecode.swift; path = RickMortyRepository.swift; sourceTree = "<group>"; };
		0536F7402BCDCCFA00CB5479 /* DataLinkDto.swift */ = {isa = PBXFileReference; lastKnownFileType = sourcecode.swift; path = DataLinkDto.swift; sourceTree = "<group>"; };
		0536F7422BCDCEC000CB5479 /* CharacterDto.swift */ = {isa = PBXFileReference; lastKnownFileType = sourcecode.swift; path = CharacterDto.swift; sourceTree = "<group>"; };
		0536F7452BCDD04800CB5479 /* CharacterDataDto.swift */ = {isa = PBXFileReference; lastKnownFileType = sourcecode.swift; path = CharacterDataDto.swift; sourceTree = "<group>"; };
		0536F7472BCDD07600CB5479 /* LocationDataDto.swift */ = {isa = PBXFileReference; lastKnownFileType = sourcecode.swift; path = LocationDataDto.swift; sourceTree = "<group>"; };
		0536F7492BCDD0A300CB5479 /* EpisodeDataDto.swift */ = {isa = PBXFileReference; lastKnownFileType = sourcecode.swift; path = EpisodeDataDto.swift; sourceTree = "<group>"; };
		0536F74B2BCDD0B800CB5479 /* InfoDto.swift */ = {isa = PBXFileReference; lastKnownFileType = sourcecode.swift; path = InfoDto.swift; sourceTree = "<group>"; };
		0536F74D2BCDD0EE00CB5479 /* LocationDto.swift */ = {isa = PBXFileReference; lastKnownFileType = sourcecode.swift; path = LocationDto.swift; sourceTree = "<group>"; };
		0536F74F2BCDD10600CB5479 /* EpisodeDto.swift */ = {isa = PBXFileReference; lastKnownFileType = sourcecode.swift; path = EpisodeDto.swift; sourceTree = "<group>"; };
		0536F7522BCDD30500CB5479 /* DataLinkBo.swift */ = {isa = PBXFileReference; lastKnownFileType = sourcecode.swift; path = DataLinkBo.swift; sourceTree = "<group>"; };
		0536F7542BCDDE0700CB5479 /* GetCharactersUseCase.swift */ = {isa = PBXFileReference; lastKnownFileType = sourcecode.swift; path = GetCharactersUseCase.swift; sourceTree = "<group>"; };
		0536F7562BCDDF2D00CB5479 /* CharacterBo.swift */ = {isa = PBXFileReference; lastKnownFileType = sourcecode.swift; path = CharacterBo.swift; sourceTree = "<group>"; };
		0536F7582BCDE02100CB5479 /* EpisodeBo.swift */ = {isa = PBXFileReference; lastKnownFileType = sourcecode.swift; path = EpisodeBo.swift; sourceTree = "<group>"; };
		0536F75A2BCDE05400CB5479 /* LocationBo.swift */ = {isa = PBXFileReference; lastKnownFileType = sourcecode.swift; path = LocationBo.swift; sourceTree = "<group>"; };
		0536F75C2BCDE07E00CB5479 /* GetLocationsUseCase.swift */ = {isa = PBXFileReference; lastKnownFileType = sourcecode.swift; path = GetLocationsUseCase.swift; sourceTree = "<group>"; };
		0536F75E2BCDE19A00CB5479 /* RickMortyRepositoryImpl.swift */ = {isa = PBXFileReference; lastKnownFileType = sourcecode.swift; path = RickMortyRepositoryImpl.swift; sourceTree = "<group>"; };
		0536F7602BCEEC6500CB5479 /* CharacterDetailBo.swift */ = {isa = PBXFileReference; lastKnownFileType = sourcecode.swift; path = CharacterDetailBo.swift; sourceTree = "<group>"; };
		0536F7642BCF293800CB5479 /* CharacterLocationDto.swift */ = {isa = PBXFileReference; lastKnownFileType = sourcecode.swift; path = CharacterLocationDto.swift; sourceTree = "<group>"; };
		0536F7662BCF295A00CB5479 /* CharacterLocationDao.swift */ = {isa = PBXFileReference; lastKnownFileType = sourcecode.swift; path = CharacterLocationDao.swift; sourceTree = "<group>"; };
		0536F7682BCF2A5D00CB5479 /* CharacterDao.swift */ = {isa = PBXFileReference; lastKnownFileType = sourcecode.swift; path = CharacterDao.swift; sourceTree = "<group>"; };
		0536F76A2BCF2B1000CB5479 /* CharacterDataDao.swift */ = {isa = PBXFileReference; lastKnownFileType = sourcecode.swift; path = CharacterDataDao.swift; sourceTree = "<group>"; };
		0536F76C2BCF2B4200CB5479 /* InfoDao.swift */ = {isa = PBXFileReference; lastKnownFileType = sourcecode.swift; path = InfoDao.swift; sourceTree = "<group>"; };
		0536F76E2BCF2CBB00CB5479 /* EpisodeDao.swift */ = {isa = PBXFileReference; lastKnownFileType = sourcecode.swift; path = EpisodeDao.swift; sourceTree = "<group>"; };
		0536F7702BCF2D1E00CB5479 /* EpisodeDataDao.swift */ = {isa = PBXFileReference; lastKnownFileType = sourcecode.swift; path = EpisodeDataDao.swift; sourceTree = "<group>"; };
		0536F7722BCF2DA600CB5479 /* LocationDao.swift */ = {isa = PBXFileReference; lastKnownFileType = sourcecode.swift; path = LocationDao.swift; sourceTree = "<group>"; };
		0536F7742BCF2E1600CB5479 /* LocationDataDao.swift */ = {isa = PBXFileReference; lastKnownFileType = sourcecode.swift; path = LocationDataDao.swift; sourceTree = "<group>"; };
		0536F7762BCF2EA600CB5479 /* DataLinkDao.swift */ = {isa = PBXFileReference; lastKnownFileType = sourcecode.swift; path = DataLinkDao.swift; sourceTree = "<group>"; };
		CE44F2782ADB3EBD00A5057E /* ErrorType.swift */ = {isa = PBXFileReference; lastKnownFileType = sourcecode.swift; path = ErrorType.swift; sourceTree = "<group>"; };
		CE44F28D2ADB49CD00A5057E /* Constants.swift */ = {isa = PBXFileReference; lastKnownFileType = sourcecode.swift; path = Constants.swift; sourceTree = "<group>"; };
		CE44F2982ADC87F200A5057E /* ListCharactersViewModel.swift */ = {isa = PBXFileReference; lastKnownFileType = sourcecode.swift; path = ListCharactersViewModel.swift; sourceTree = "<group>"; };
		CE44F29A2ADC931F00A5057E /* DetailCharacterViewModel.swift */ = {isa = PBXFileReference; lastKnownFileType = sourcecode.swift; path = DetailCharacterViewModel.swift; sourceTree = "<group>"; };
		CE44F2A32ADC9C0F00A5057E /* injection.swift */ = {isa = PBXFileReference; lastKnownFileType = sourcecode.swift; path = injection.swift; sourceTree = "<group>"; };
		CE44F2A52ADEEB5700A5057E /* Routes.swift */ = {isa = PBXFileReference; lastKnownFileType = sourcecode.swift; path = Routes.swift; sourceTree = "<group>"; };
		CE44F2A72ADEEC5200A5057E /* Navigator.swift */ = {isa = PBXFileReference; lastKnownFileType = sourcecode.swift; path = Navigator.swift; sourceTree = "<group>"; };
		CE44F2A92ADEED0D00A5057E /* DetailCharacterView.swift */ = {isa = PBXFileReference; lastKnownFileType = sourcecode.swift; path = DetailCharacterView.swift; sourceTree = "<group>"; };
		CE89286C2AD8A7820013B358 /* mvvm_ios.app */ = {isa = PBXFileReference; explicitFileType = wrapper.application; includeInIndex = 0; path = mvvm_ios.app; sourceTree = BUILT_PRODUCTS_DIR; };
		CE89286F2AD8A7820013B358 /* mvvm_iosApp.swift */ = {isa = PBXFileReference; lastKnownFileType = sourcecode.swift; path = mvvm_iosApp.swift; sourceTree = "<group>"; };
		CE8928712AD8A7820013B358 /* ListCharactersView.swift */ = {isa = PBXFileReference; lastKnownFileType = sourcecode.swift; path = ListCharactersView.swift; sourceTree = "<group>"; };
		CE8928732AD8A7840013B358 /* Assets.xcassets */ = {isa = PBXFileReference; lastKnownFileType = folder.assetcatalog; path = Assets.xcassets; sourceTree = "<group>"; };
		CE8928752AD8A7840013B358 /* mvvm_ios.entitlements */ = {isa = PBXFileReference; lastKnownFileType = text.plist.entitlements; path = mvvm_ios.entitlements; sourceTree = "<group>"; };
		CE8928772AD8A7840013B358 /* Preview Assets.xcassets */ = {isa = PBXFileReference; lastKnownFileType = folder.assetcatalog; path = "Preview Assets.xcassets"; sourceTree = "<group>"; };
		CE89287D2AD8A7850013B358 /* mvvm_iosTests.xctest */ = {isa = PBXFileReference; explicitFileType = wrapper.cfbundle; includeInIndex = 0; path = mvvm_iosTests.xctest; sourceTree = BUILT_PRODUCTS_DIR; };
		CE8928812AD8A7850013B358 /* mvvm_iosTests.swift */ = {isa = PBXFileReference; lastKnownFileType = sourcecode.swift; path = mvvm_iosTests.swift; sourceTree = "<group>"; };
		CE8928872AD8A7850013B358 /* mvvm_iosUITests.xctest */ = {isa = PBXFileReference; explicitFileType = wrapper.cfbundle; includeInIndex = 0; path = mvvm_iosUITests.xctest; sourceTree = BUILT_PRODUCTS_DIR; };
		CE89288B2AD8A7850013B358 /* mvvm_iosUITests.swift */ = {isa = PBXFileReference; lastKnownFileType = sourcecode.swift; path = mvvm_iosUITests.swift; sourceTree = "<group>"; };
		CE89288D2AD8A7850013B358 /* mvvm_iosUITestsLaunchTests.swift */ = {isa = PBXFileReference; lastKnownFileType = sourcecode.swift; path = mvvm_iosUITestsLaunchTests.swift; sourceTree = "<group>"; };
/* End PBXFileReference section */

/* Begin PBXFrameworksBuildPhase section */
		CE8928692AD8A7820013B358 /* Frameworks */ = {
			isa = PBXFrameworksBuildPhase;
			buildActionMask = 2147483647;
			files = (
				CE44F2A02ADC99D900A5057E /* Resolver-Dynamic in Frameworks */,
				CE44F2A22ADC99D900A5057E /* Resolver-Static in Frameworks */,
				CE44F29E2ADC99D900A5057E /* Resolver in Frameworks */,
			);
			runOnlyForDeploymentPostprocessing = 0;
		};
		CE89287A2AD8A7850013B358 /* Frameworks */ = {
			isa = PBXFrameworksBuildPhase;
			buildActionMask = 2147483647;
			files = (
			);
			runOnlyForDeploymentPostprocessing = 0;
		};
		CE8928842AD8A7850013B358 /* Frameworks */ = {
			isa = PBXFrameworksBuildPhase;
			buildActionMask = 2147483647;
			files = (
			);
			runOnlyForDeploymentPostprocessing = 0;
		};
/* End PBXFrameworksBuildPhase section */

/* Begin PBXGroup section */
		0536F7622BCF28DB00CB5479 /* dto */ = {
			isa = PBXGroup;
			children = (
				0536F7642BCF293800CB5479 /* CharacterLocationDto.swift */,
				0536F7422BCDCEC000CB5479 /* CharacterDto.swift */,
				0536F7452BCDD04800CB5479 /* CharacterDataDto.swift */,
				0536F74B2BCDD0B800CB5479 /* InfoDto.swift */,
				0536F7492BCDD0A300CB5479 /* EpisodeDataDto.swift */,
				0536F7402BCDCCFA00CB5479 /* DataLinkDto.swift */,
				0536F74F2BCDD10600CB5479 /* EpisodeDto.swift */,
				0536F74D2BCDD0EE00CB5479 /* LocationDto.swift */,
				0536F7472BCDD07600CB5479 /* LocationDataDto.swift */,
			);
			path = dto;
			sourceTree = "<group>";
		};
		0536F7632BCF28E200CB5479 /* dao */ = {
			isa = PBXGroup;
			children = (
				0536F7662BCF295A00CB5479 /* CharacterLocationDao.swift */,
				0536F7682BCF2A5D00CB5479 /* CharacterDao.swift */,
				0536F76A2BCF2B1000CB5479 /* CharacterDataDao.swift */,
				0536F76C2BCF2B4200CB5479 /* InfoDao.swift */,
				0536F76E2BCF2CBB00CB5479 /* EpisodeDao.swift */,
				0536F7702BCF2D1E00CB5479 /* EpisodeDataDao.swift */,
				0536F7722BCF2DA600CB5479 /* LocationDao.swift */,
				0536F7742BCF2E1600CB5479 /* LocationDataDao.swift */,
				0536F7762BCF2EA600CB5479 /* DataLinkDao.swift */,
			);
			path = dao;
			sourceTree = "<group>";
		};
		CE44F2692ADB3C9300A5057E /* data */ = {
			isa = PBXGroup;
			children = (
				CE44F27F2ADB441700A5057E /* constants */,
				CE44F2822ADB443F00A5057E /* model */,
				CE44F2812ADB443200A5057E /* repository */,
			);
			path = data;
			sourceTree = "<group>";
		};
		CE44F26A2ADB3CFA00A5057E /* domain */ = {
			isa = PBXGroup;
			children = (
				CE44F26B2ADB3D1300A5057E /* error */,
				CE44F26C2ADB3D1B00A5057E /* model */,
				CE44F26D2ADB3D2600A5057E /* repository */,
				CE44F26E2ADB3D2F00A5057E /* useCase */,
			);
			path = domain;
			sourceTree = "<group>";
		};
		CE44F26B2ADB3D1300A5057E /* error */ = {
			isa = PBXGroup;
			children = (
				CE44F2782ADB3EBD00A5057E /* ErrorType.swift */,
			);
			path = error;
			sourceTree = "<group>";
		};
		CE44F26C2ADB3D1B00A5057E /* model */ = {
			isa = PBXGroup;
			children = (
				0536F7522BCDD30500CB5479 /* DataLinkBo.swift */,
				0536F7582BCDE02100CB5479 /* EpisodeBo.swift */,
				0536F75A2BCDE05400CB5479 /* LocationBo.swift */,
				0536F7562BCDDF2D00CB5479 /* CharacterBo.swift */,
				0536F7602BCEEC6500CB5479 /* CharacterDetailBo.swift */,
			);
			path = model;
			sourceTree = "<group>";
		};
		CE44F26D2ADB3D2600A5057E /* repository */ = {
			isa = PBXGroup;
			children = (
				0536F73E2BCDCC4500CB5479 /* RickMortyRepository.swift */,
			);
			path = repository;
			sourceTree = "<group>";
		};
		CE44F26E2ADB3D2F00A5057E /* useCase */ = {
			isa = PBXGroup;
			children = (
				0536F73C2BCDCBF400CB5479 /* GetEpisodesUseCase.swift */,
				0536F7542BCDDE0700CB5479 /* GetCharactersUseCase.swift */,
				0536F75C2BCDE07E00CB5479 /* GetLocationsUseCase.swift */,
			);
			path = useCase;
			sourceTree = "<group>";
		};
		CE44F26F2ADB3D3D00A5057E /* app */ = {
			isa = PBXGroup;
			children = (
				CE44F2932ADC838C00A5057E /* di */,
				CE44F2942ADC839700A5057E /* navigation */,
				CE44F2952ADC83A800A5057E /* screen */,
			);
			path = app;
			sourceTree = "<group>";
		};
		CE44F27F2ADB441700A5057E /* constants */ = {
			isa = PBXGroup;
			children = (
				CE44F28D2ADB49CD00A5057E /* Constants.swift */,
			);
			path = constants;
			sourceTree = "<group>";
		};
		CE44F2812ADB443200A5057E /* repository */ = {
			isa = PBXGroup;
			children = (
				0536F75E2BCDE19A00CB5479 /* RickMortyRepositoryImpl.swift */,
			);
			path = repository;
			sourceTree = "<group>";
		};
		CE44F2822ADB443F00A5057E /* model */ = {
			isa = PBXGroup;
			children = (
				0536F7632BCF28E200CB5479 /* dao */,
				0536F7622BCF28DB00CB5479 /* dto */,
			);
			path = model;
			sourceTree = "<group>";
		};
		CE44F2932ADC838C00A5057E /* di */ = {
			isa = PBXGroup;
			children = (
				CE44F2A32ADC9C0F00A5057E /* injection.swift */,
			);
			path = di;
			sourceTree = "<group>";
		};
		CE44F2942ADC839700A5057E /* navigation */ = {
			isa = PBXGroup;
			children = (
				CE44F2A52ADEEB5700A5057E /* Routes.swift */,
				CE44F2A72ADEEC5200A5057E /* Navigator.swift */,
			);
			path = navigation;
			sourceTree = "<group>";
		};
		CE44F2952ADC83A800A5057E /* screen */ = {
			isa = PBXGroup;
			children = (
				CE44F2972ADC83D700A5057E /* detail */,
				CE44F2962ADC83C000A5057E /* list */,
			);
			path = screen;
			sourceTree = "<group>";
		};
		CE44F2962ADC83C000A5057E /* list */ = {
			isa = PBXGroup;
			children = (
				CE8928712AD8A7820013B358 /* ListCharactersView.swift */,
				CE44F2982ADC87F200A5057E /* ListCharactersViewModel.swift */,
			);
			path = list;
			sourceTree = "<group>";
		};
		CE44F2972ADC83D700A5057E /* detail */ = {
			isa = PBXGroup;
			children = (
				CE44F2A92ADEED0D00A5057E /* DetailCharacterView.swift */,
				CE44F29A2ADC931F00A5057E /* DetailCharacterViewModel.swift */,
			);
			path = detail;
			sourceTree = "<group>";
		};
		CE8928632AD8A7820013B358 = {
			isa = PBXGroup;
			children = (
				CE89286E2AD8A7820013B358 /* mvvm_ios */,
				CE8928802AD8A7850013B358 /* mvvm_iosTests */,
				CE89288A2AD8A7850013B358 /* mvvm_iosUITests */,
				CE89286D2AD8A7820013B358 /* Products */,
			);
			sourceTree = "<group>";
		};
		CE89286D2AD8A7820013B358 /* Products */ = {
			isa = PBXGroup;
			children = (
				CE89286C2AD8A7820013B358 /* mvvm_ios.app */,
				CE89287D2AD8A7850013B358 /* mvvm_iosTests.xctest */,
				CE8928872AD8A7850013B358 /* mvvm_iosUITests.xctest */,
			);
			name = Products;
			sourceTree = "<group>";
		};
		CE89286E2AD8A7820013B358 /* mvvm_ios */ = {
			isa = PBXGroup;
			children = (
				CE44F26F2ADB3D3D00A5057E /* app */,
				CE8928732AD8A7840013B358 /* Assets.xcassets */,
				CE44F2692ADB3C9300A5057E /* data */,
				CE44F26A2ADB3CFA00A5057E /* domain */,
				CE8928752AD8A7840013B358 /* mvvm_ios.entitlements */,
				CE89286F2AD8A7820013B358 /* mvvm_iosApp.swift */,
				CE8928762AD8A7840013B358 /* Preview Content */,
			);
			path = mvvm_ios;
			sourceTree = "<group>";
		};
		CE8928762AD8A7840013B358 /* Preview Content */ = {
			isa = PBXGroup;
			children = (
				CE8928772AD8A7840013B358 /* Preview Assets.xcassets */,
			);
			path = "Preview Content";
			sourceTree = "<group>";
		};
		CE8928802AD8A7850013B358 /* mvvm_iosTests */ = {
			isa = PBXGroup;
			children = (
				CE8928812AD8A7850013B358 /* mvvm_iosTests.swift */,
			);
			path = mvvm_iosTests;
			sourceTree = "<group>";
		};
		CE89288A2AD8A7850013B358 /* mvvm_iosUITests */ = {
			isa = PBXGroup;
			children = (
				CE89288B2AD8A7850013B358 /* mvvm_iosUITests.swift */,
				CE89288D2AD8A7850013B358 /* mvvm_iosUITestsLaunchTests.swift */,
			);
			path = mvvm_iosUITests;
			sourceTree = "<group>";
		};
/* End PBXGroup section */

/* Begin PBXNativeTarget section */
		CE89286B2AD8A7820013B358 /* mvvm_ios */ = {
			isa = PBXNativeTarget;
			buildConfigurationList = CE8928912AD8A7850013B358 /* Build configuration list for PBXNativeTarget "mvvm_ios" */;
			buildPhases = (
				CE8928682AD8A7820013B358 /* Sources */,
				CE8928692AD8A7820013B358 /* Frameworks */,
				CE89286A2AD8A7820013B358 /* Resources */,
			);
			buildRules = (
			);
			dependencies = (
			);
			name = mvvm_ios;
			packageProductDependencies = (
				CE44F29D2ADC99D900A5057E /* Resolver */,
				CE44F29F2ADC99D900A5057E /* Resolver-Dynamic */,
				CE44F2A12ADC99D900A5057E /* Resolver-Static */,
			);
			productName = mvvm_ios;
			productReference = CE89286C2AD8A7820013B358 /* mvvm_ios.app */;
			productType = "com.apple.product-type.application";
		};
		CE89287C2AD8A7850013B358 /* mvvm_iosTests */ = {
			isa = PBXNativeTarget;
			buildConfigurationList = CE8928942AD8A7850013B358 /* Build configuration list for PBXNativeTarget "mvvm_iosTests" */;
			buildPhases = (
				CE8928792AD8A7850013B358 /* Sources */,
				CE89287A2AD8A7850013B358 /* Frameworks */,
				CE89287B2AD8A7850013B358 /* Resources */,
			);
			buildRules = (
			);
			dependencies = (
				CE89287F2AD8A7850013B358 /* PBXTargetDependency */,
			);
			name = mvvm_iosTests;
			productName = mvvm_iosTests;
			productReference = CE89287D2AD8A7850013B358 /* mvvm_iosTests.xctest */;
			productType = "com.apple.product-type.bundle.unit-test";
		};
		CE8928862AD8A7850013B358 /* mvvm_iosUITests */ = {
			isa = PBXNativeTarget;
			buildConfigurationList = CE8928972AD8A7850013B358 /* Build configuration list for PBXNativeTarget "mvvm_iosUITests" */;
			buildPhases = (
				CE8928832AD8A7850013B358 /* Sources */,
				CE8928842AD8A7850013B358 /* Frameworks */,
				CE8928852AD8A7850013B358 /* Resources */,
			);
			buildRules = (
			);
			dependencies = (
				CE8928892AD8A7850013B358 /* PBXTargetDependency */,
			);
			name = mvvm_iosUITests;
			productName = mvvm_iosUITests;
			productReference = CE8928872AD8A7850013B358 /* mvvm_iosUITests.xctest */;
			productType = "com.apple.product-type.bundle.ui-testing";
		};
/* End PBXNativeTarget section */

/* Begin PBXProject section */
		CE8928642AD8A7820013B358 /* Project object */ = {
			isa = PBXProject;
			attributes = {
				BuildIndependentTargetsInParallel = 1;
				LastSwiftUpdateCheck = 1500;
				LastUpgradeCheck = 1530;
				TargetAttributes = {
					CE89286B2AD8A7820013B358 = {
						CreatedOnToolsVersion = 15.0;
					};
					CE89287C2AD8A7850013B358 = {
						CreatedOnToolsVersion = 15.0;
						TestTargetID = CE89286B2AD8A7820013B358;
					};
					CE8928862AD8A7850013B358 = {
						CreatedOnToolsVersion = 15.0;
						TestTargetID = CE89286B2AD8A7820013B358;
					};
				};
			};
			buildConfigurationList = CE8928672AD8A7820013B358 /* Build configuration list for PBXProject "mvvm_ios" */;
			compatibilityVersion = "Xcode 14.0";
			developmentRegion = en;
			hasScannedForEncodings = 0;
			knownRegions = (
				en,
				Base,
			);
			mainGroup = CE8928632AD8A7820013B358;
			packageReferences = (
				CE44F29C2ADC99D900A5057E /* XCRemoteSwiftPackageReference "Resolver" */,
			);
			productRefGroup = CE89286D2AD8A7820013B358 /* Products */;
			projectDirPath = "";
			projectRoot = "";
			targets = (
				CE89286B2AD8A7820013B358 /* mvvm_ios */,
				CE89287C2AD8A7850013B358 /* mvvm_iosTests */,
				CE8928862AD8A7850013B358 /* mvvm_iosUITests */,
			);
		};
/* End PBXProject section */

/* Begin PBXResourcesBuildPhase section */
		CE89286A2AD8A7820013B358 /* Resources */ = {
			isa = PBXResourcesBuildPhase;
			buildActionMask = 2147483647;
			files = (
				CE8928782AD8A7840013B358 /* Preview Assets.xcassets in Resources */,
				CE8928742AD8A7840013B358 /* Assets.xcassets in Resources */,
			);
			runOnlyForDeploymentPostprocessing = 0;
		};
		CE89287B2AD8A7850013B358 /* Resources */ = {
			isa = PBXResourcesBuildPhase;
			buildActionMask = 2147483647;
			files = (
			);
			runOnlyForDeploymentPostprocessing = 0;
		};
		CE8928852AD8A7850013B358 /* Resources */ = {
			isa = PBXResourcesBuildPhase;
			buildActionMask = 2147483647;
			files = (
			);
			runOnlyForDeploymentPostprocessing = 0;
		};
/* End PBXResourcesBuildPhase section */

/* Begin PBXSourcesBuildPhase section */
		CE8928682AD8A7820013B358 /* Sources */ = {
			isa = PBXSourcesBuildPhase;
			buildActionMask = 2147483647;
			files = (
				CE44F2A62ADEEB5700A5057E /* Routes.swift in Sources */,
				CE44F29B2ADC931F00A5057E /* DetailCharacterViewModel.swift in Sources */,
				0536F7462BCDD04800CB5479 /* CharacterDataDto.swift in Sources */,
				0536F7552BCDDE0700CB5479 /* GetCharactersUseCase.swift in Sources */,
				0536F76F2BCF2CBB00CB5479 /* EpisodeDao.swift in Sources */,
				0536F76D2BCF2B4200CB5479 /* InfoDao.swift in Sources */,
				CE44F2792ADB3EBD00A5057E /* ErrorType.swift in Sources */,
				0536F7672BCF295A00CB5479 /* CharacterLocationDao.swift in Sources */,
				0536F7432BCDCEC000CB5479 /* CharacterDto.swift in Sources */,
				CE44F2A82ADEEC5200A5057E /* Navigator.swift in Sources */,
				0536F7712BCF2D1E00CB5479 /* EpisodeDataDao.swift in Sources */,
				CE44F28E2ADB49CD00A5057E /* Constants.swift in Sources */,
				0536F7772BCF2EA600CB5479 /* DataLinkDao.swift in Sources */,
				0536F7752BCF2E1600CB5479 /* LocationDataDao.swift in Sources */,
				0536F74E2BCDD0EE00CB5479 /* LocationDto.swift in Sources */,
				0536F75F2BCDE19A00CB5479 /* RickMortyRepositoryImpl.swift in Sources */,
				0536F7592BCDE02100CB5479 /* EpisodeBo.swift in Sources */,
				0536F76B2BCF2B1000CB5479 /* CharacterDataDao.swift in Sources */,
				0536F7652BCF293800CB5479 /* CharacterLocationDto.swift in Sources */,
				CE44F2992ADC87F200A5057E /* ListCharactersViewModel.swift in Sources */,
				0536F74C2BCDD0B800CB5479 /* InfoDto.swift in Sources */,
				0536F75B2BCDE05400CB5479 /* LocationBo.swift in Sources */,
				0536F7572BCDDF2D00CB5479 /* CharacterBo.swift in Sources */,
				CE44F2A42ADC9C0F00A5057E /* injection.swift in Sources */,
				0536F7692BCF2A5D00CB5479 /* CharacterDao.swift in Sources */,
				0536F73D2BCDCBF400CB5479 /* GetEpisodesUseCase.swift in Sources */,
				0536F7412BCDCCFA00CB5479 /* DataLinkDto.swift in Sources */,
				0536F7732BCF2DA600CB5479 /* LocationDao.swift in Sources */,
				CE8928722AD8A7820013B358 /* ListCharactersView.swift in Sources */,
				0536F7612BCEEC6500CB5479 /* CharacterDetailBo.swift in Sources */,
				0536F7502BCDD10600CB5479 /* EpisodeDto.swift in Sources */,
				CE44F2AA2ADEED0E00A5057E /* DetailCharacterView.swift in Sources */,
				0536F7482BCDD07600CB5479 /* LocationDataDto.swift in Sources */,
				0536F75D2BCDE07E00CB5479 /* GetLocationsUseCase.swift in Sources */,
				0536F74A2BCDD0A300CB5479 /* EpisodeDataDto.swift in Sources */,
				CE8928702AD8A7820013B358 /* mvvm_iosApp.swift in Sources */,
				0536F7532BCDD30500CB5479 /* DataLinkBo.swift in Sources */,
				0536F73F2BCDCC4500CB5479 /* RickMortyRepository.swift in Sources */,
			);
			runOnlyForDeploymentPostprocessing = 0;
		};
		CE8928792AD8A7850013B358 /* Sources */ = {
			isa = PBXSourcesBuildPhase;
			buildActionMask = 2147483647;
			files = (
				CE8928822AD8A7850013B358 /* mvvm_iosTests.swift in Sources */,
			);
			runOnlyForDeploymentPostprocessing = 0;
		};
		CE8928832AD8A7850013B358 /* Sources */ = {
			isa = PBXSourcesBuildPhase;
			buildActionMask = 2147483647;
			files = (
				CE89288E2AD8A7850013B358 /* mvvm_iosUITestsLaunchTests.swift in Sources */,
				CE89288C2AD8A7850013B358 /* mvvm_iosUITests.swift in Sources */,
			);
			runOnlyForDeploymentPostprocessing = 0;
		};
/* End PBXSourcesBuildPhase section */

/* Begin PBXTargetDependency section */
		CE89287F2AD8A7850013B358 /* PBXTargetDependency */ = {
			isa = PBXTargetDependency;
			target = CE89286B2AD8A7820013B358 /* mvvm_ios */;
			targetProxy = CE89287E2AD8A7850013B358 /* PBXContainerItemProxy */;
		};
		CE8928892AD8A7850013B358 /* PBXTargetDependency */ = {
			isa = PBXTargetDependency;
			target = CE89286B2AD8A7820013B358 /* mvvm_ios */;
			targetProxy = CE8928882AD8A7850013B358 /* PBXContainerItemProxy */;
		};
/* End PBXTargetDependency section */

/* Begin XCBuildConfiguration section */
		CE89288F2AD8A7850013B358 /* Debug */ = {
			isa = XCBuildConfiguration;
			buildSettings = {
				ALWAYS_SEARCH_USER_PATHS = NO;
				ASSETCATALOG_COMPILER_GENERATE_SWIFT_ASSET_SYMBOL_EXTENSIONS = YES;
				CLANG_ANALYZER_NONNULL = YES;
				CLANG_ANALYZER_NUMBER_OBJECT_CONVERSION = YES_AGGRESSIVE;
				CLANG_CXX_LANGUAGE_STANDARD = "gnu++20";
				CLANG_ENABLE_MODULES = YES;
				CLANG_ENABLE_OBJC_ARC = YES;
				CLANG_ENABLE_OBJC_WEAK = YES;
				CLANG_WARN_BLOCK_CAPTURE_AUTORELEASING = YES;
				CLANG_WARN_BOOL_CONVERSION = YES;
				CLANG_WARN_COMMA = YES;
				CLANG_WARN_CONSTANT_CONVERSION = YES;
				CLANG_WARN_DEPRECATED_OBJC_IMPLEMENTATIONS = YES;
				CLANG_WARN_DIRECT_OBJC_ISA_USAGE = YES_ERROR;
				CLANG_WARN_DOCUMENTATION_COMMENTS = YES;
				CLANG_WARN_EMPTY_BODY = YES;
				CLANG_WARN_ENUM_CONVERSION = YES;
				CLANG_WARN_INFINITE_RECURSION = YES;
				CLANG_WARN_INT_CONVERSION = YES;
				CLANG_WARN_NON_LITERAL_NULL_CONVERSION = YES;
				CLANG_WARN_OBJC_IMPLICIT_RETAIN_SELF = YES;
				CLANG_WARN_OBJC_LITERAL_CONVERSION = YES;
				CLANG_WARN_OBJC_ROOT_CLASS = YES_ERROR;
				CLANG_WARN_QUOTED_INCLUDE_IN_FRAMEWORK_HEADER = YES;
				CLANG_WARN_RANGE_LOOP_ANALYSIS = YES;
				CLANG_WARN_STRICT_PROTOTYPES = YES;
				CLANG_WARN_SUSPICIOUS_MOVE = YES;
				CLANG_WARN_UNGUARDED_AVAILABILITY = YES_AGGRESSIVE;
				CLANG_WARN_UNREACHABLE_CODE = YES;
				CLANG_WARN__DUPLICATE_METHOD_MATCH = YES;
				COPY_PHASE_STRIP = NO;
				DEAD_CODE_STRIPPING = YES;
				DEBUG_INFORMATION_FORMAT = dwarf;
				ENABLE_STRICT_OBJC_MSGSEND = YES;
				ENABLE_TESTABILITY = YES;
				ENABLE_USER_SCRIPT_SANDBOXING = YES;
				GCC_C_LANGUAGE_STANDARD = gnu17;
				GCC_DYNAMIC_NO_PIC = NO;
				GCC_NO_COMMON_BLOCKS = YES;
				GCC_OPTIMIZATION_LEVEL = 0;
				GCC_PREPROCESSOR_DEFINITIONS = (
					"DEBUG=1",
					"$(inherited)",
				);
				GCC_WARN_64_TO_32_BIT_CONVERSION = YES;
				GCC_WARN_ABOUT_RETURN_TYPE = YES_ERROR;
				GCC_WARN_UNDECLARED_SELECTOR = YES;
				GCC_WARN_UNINITIALIZED_AUTOS = YES_AGGRESSIVE;
				GCC_WARN_UNUSED_FUNCTION = YES;
				GCC_WARN_UNUSED_VARIABLE = YES;
				LOCALIZATION_PREFERS_STRING_CATALOGS = YES;
				MTL_ENABLE_DEBUG_INFO = INCLUDE_SOURCE;
				MTL_FAST_MATH = YES;
				ONLY_ACTIVE_ARCH = YES;
				SWIFT_ACTIVE_COMPILATION_CONDITIONS = "DEBUG $(inherited)";
				SWIFT_OPTIMIZATION_LEVEL = "-Onone";
			};
			name = Debug;
		};
		CE8928902AD8A7850013B358 /* Release */ = {
			isa = XCBuildConfiguration;
			buildSettings = {
				ALWAYS_SEARCH_USER_PATHS = NO;
				ASSETCATALOG_COMPILER_GENERATE_SWIFT_ASSET_SYMBOL_EXTENSIONS = YES;
				CLANG_ANALYZER_NONNULL = YES;
				CLANG_ANALYZER_NUMBER_OBJECT_CONVERSION = YES_AGGRESSIVE;
				CLANG_CXX_LANGUAGE_STANDARD = "gnu++20";
				CLANG_ENABLE_MODULES = YES;
				CLANG_ENABLE_OBJC_ARC = YES;
				CLANG_ENABLE_OBJC_WEAK = YES;
				CLANG_WARN_BLOCK_CAPTURE_AUTORELEASING = YES;
				CLANG_WARN_BOOL_CONVERSION = YES;
				CLANG_WARN_COMMA = YES;
				CLANG_WARN_CONSTANT_CONVERSION = YES;
				CLANG_WARN_DEPRECATED_OBJC_IMPLEMENTATIONS = YES;
				CLANG_WARN_DIRECT_OBJC_ISA_USAGE = YES_ERROR;
				CLANG_WARN_DOCUMENTATION_COMMENTS = YES;
				CLANG_WARN_EMPTY_BODY = YES;
				CLANG_WARN_ENUM_CONVERSION = YES;
				CLANG_WARN_INFINITE_RECURSION = YES;
				CLANG_WARN_INT_CONVERSION = YES;
				CLANG_WARN_NON_LITERAL_NULL_CONVERSION = YES;
				CLANG_WARN_OBJC_IMPLICIT_RETAIN_SELF = YES;
				CLANG_WARN_OBJC_LITERAL_CONVERSION = YES;
				CLANG_WARN_OBJC_ROOT_CLASS = YES_ERROR;
				CLANG_WARN_QUOTED_INCLUDE_IN_FRAMEWORK_HEADER = YES;
				CLANG_WARN_RANGE_LOOP_ANALYSIS = YES;
				CLANG_WARN_STRICT_PROTOTYPES = YES;
				CLANG_WARN_SUSPICIOUS_MOVE = YES;
				CLANG_WARN_UNGUARDED_AVAILABILITY = YES_AGGRESSIVE;
				CLANG_WARN_UNREACHABLE_CODE = YES;
				CLANG_WARN__DUPLICATE_METHOD_MATCH = YES;
				COPY_PHASE_STRIP = NO;
				DEAD_CODE_STRIPPING = YES;
				DEBUG_INFORMATION_FORMAT = "dwarf-with-dsym";
				ENABLE_NS_ASSERTIONS = NO;
				ENABLE_STRICT_OBJC_MSGSEND = YES;
				ENABLE_USER_SCRIPT_SANDBOXING = YES;
				GCC_C_LANGUAGE_STANDARD = gnu17;
				GCC_NO_COMMON_BLOCKS = YES;
				GCC_WARN_64_TO_32_BIT_CONVERSION = YES;
				GCC_WARN_ABOUT_RETURN_TYPE = YES_ERROR;
				GCC_WARN_UNDECLARED_SELECTOR = YES;
				GCC_WARN_UNINITIALIZED_AUTOS = YES_AGGRESSIVE;
				GCC_WARN_UNUSED_FUNCTION = YES;
				GCC_WARN_UNUSED_VARIABLE = YES;
				LOCALIZATION_PREFERS_STRING_CATALOGS = YES;
				MTL_ENABLE_DEBUG_INFO = NO;
				MTL_FAST_MATH = YES;
				SWIFT_COMPILATION_MODE = wholemodule;
			};
			name = Release;
		};
		CE8928922AD8A7850013B358 /* Debug */ = {
			isa = XCBuildConfiguration;
			buildSettings = {
				ASSETCATALOG_COMPILER_APPICON_NAME = AppIcon;
				ASSETCATALOG_COMPILER_GLOBAL_ACCENT_COLOR_NAME = AccentColor;
				CODE_SIGN_ENTITLEMENTS = mvvm_ios/mvvm_ios.entitlements;
				CODE_SIGN_STYLE = Automatic;
				CURRENT_PROJECT_VERSION = 1;
				DEAD_CODE_STRIPPING = YES;
				DEVELOPMENT_ASSET_PATHS = "\"mvvm_ios/Preview Content\"";
				ENABLE_PREVIEWS = YES;
				GENERATE_INFOPLIST_FILE = YES;
				"INFOPLIST_KEY_UIApplicationSceneManifest_Generation[sdk=iphoneos*]" = YES;
				"INFOPLIST_KEY_UIApplicationSceneManifest_Generation[sdk=iphonesimulator*]" = YES;
				"INFOPLIST_KEY_UIApplicationSupportsIndirectInputEvents[sdk=iphoneos*]" = YES;
				"INFOPLIST_KEY_UIApplicationSupportsIndirectInputEvents[sdk=iphonesimulator*]" = YES;
				"INFOPLIST_KEY_UILaunchScreen_Generation[sdk=iphoneos*]" = YES;
				"INFOPLIST_KEY_UILaunchScreen_Generation[sdk=iphonesimulator*]" = YES;
				"INFOPLIST_KEY_UIStatusBarStyle[sdk=iphoneos*]" = UIStatusBarStyleDefault;
				"INFOPLIST_KEY_UIStatusBarStyle[sdk=iphonesimulator*]" = UIStatusBarStyleDefault;
				INFOPLIST_KEY_UISupportedInterfaceOrientations_iPad = "UIInterfaceOrientationPortrait UIInterfaceOrientationPortraitUpsideDown UIInterfaceOrientationLandscapeLeft UIInterfaceOrientationLandscapeRight";
				INFOPLIST_KEY_UISupportedInterfaceOrientations_iPhone = "UIInterfaceOrientationPortrait UIInterfaceOrientationLandscapeLeft UIInterfaceOrientationLandscapeRight";
				IPHONEOS_DEPLOYMENT_TARGET = 17.0;
				LD_RUNPATH_SEARCH_PATHS = "@executable_path/Frameworks";
				"LD_RUNPATH_SEARCH_PATHS[sdk=macosx*]" = "@executable_path/../Frameworks";
				MACOSX_DEPLOYMENT_TARGET = 14.0;
				MARKETING_VERSION = 1.0;
				PRODUCT_BUNDLE_IDENTIFIER = "architecture.mvvm-ios";
				PRODUCT_NAME = "$(TARGET_NAME)";
				SDKROOT = auto;
				SUPPORTED_PLATFORMS = "iphoneos iphonesimulator macosx";
				SWIFT_EMIT_LOC_STRINGS = YES;
				SWIFT_VERSION = 5.0;
				TARGETED_DEVICE_FAMILY = "1,2";
			};
			name = Debug;
		};
		CE8928932AD8A7850013B358 /* Release */ = {
			isa = XCBuildConfiguration;
			buildSettings = {
				ASSETCATALOG_COMPILER_APPICON_NAME = AppIcon;
				ASSETCATALOG_COMPILER_GLOBAL_ACCENT_COLOR_NAME = AccentColor;
				CODE_SIGN_ENTITLEMENTS = mvvm_ios/mvvm_ios.entitlements;
				CODE_SIGN_STYLE = Automatic;
				CURRENT_PROJECT_VERSION = 1;
				DEAD_CODE_STRIPPING = YES;
				DEVELOPMENT_ASSET_PATHS = "\"mvvm_ios/Preview Content\"";
				ENABLE_PREVIEWS = YES;
				GENERATE_INFOPLIST_FILE = YES;
				"INFOPLIST_KEY_UIApplicationSceneManifest_Generation[sdk=iphoneos*]" = YES;
				"INFOPLIST_KEY_UIApplicationSceneManifest_Generation[sdk=iphonesimulator*]" = YES;
				"INFOPLIST_KEY_UIApplicationSupportsIndirectInputEvents[sdk=iphoneos*]" = YES;
				"INFOPLIST_KEY_UIApplicationSupportsIndirectInputEvents[sdk=iphonesimulator*]" = YES;
				"INFOPLIST_KEY_UILaunchScreen_Generation[sdk=iphoneos*]" = YES;
				"INFOPLIST_KEY_UILaunchScreen_Generation[sdk=iphonesimulator*]" = YES;
				"INFOPLIST_KEY_UIStatusBarStyle[sdk=iphoneos*]" = UIStatusBarStyleDefault;
				"INFOPLIST_KEY_UIStatusBarStyle[sdk=iphonesimulator*]" = UIStatusBarStyleDefault;
				INFOPLIST_KEY_UISupportedInterfaceOrientations_iPad = "UIInterfaceOrientationPortrait UIInterfaceOrientationPortraitUpsideDown UIInterfaceOrientationLandscapeLeft UIInterfaceOrientationLandscapeRight";
				INFOPLIST_KEY_UISupportedInterfaceOrientations_iPhone = "UIInterfaceOrientationPortrait UIInterfaceOrientationLandscapeLeft UIInterfaceOrientationLandscapeRight";
				IPHONEOS_DEPLOYMENT_TARGET = 17.0;
				LD_RUNPATH_SEARCH_PATHS = "@executable_path/Frameworks";
				"LD_RUNPATH_SEARCH_PATHS[sdk=macosx*]" = "@executable_path/../Frameworks";
				MACOSX_DEPLOYMENT_TARGET = 14.0;
				MARKETING_VERSION = 1.0;
				PRODUCT_BUNDLE_IDENTIFIER = "architecture.mvvm-ios";
				PRODUCT_NAME = "$(TARGET_NAME)";
				SDKROOT = auto;
				SUPPORTED_PLATFORMS = "iphoneos iphonesimulator macosx";
				SWIFT_EMIT_LOC_STRINGS = YES;
				SWIFT_VERSION = 5.0;
				TARGETED_DEVICE_FAMILY = "1,2";
			};
			name = Release;
		};
		CE8928952AD8A7850013B358 /* Debug */ = {
			isa = XCBuildConfiguration;
			buildSettings = {
				ALWAYS_EMBED_SWIFT_STANDARD_LIBRARIES = YES;
				BUNDLE_LOADER = "$(TEST_HOST)";
				CODE_SIGN_STYLE = Automatic;
				CURRENT_PROJECT_VERSION = 1;
				DEAD_CODE_STRIPPING = YES;
				GENERATE_INFOPLIST_FILE = YES;
				IPHONEOS_DEPLOYMENT_TARGET = 17.0;
				MACOSX_DEPLOYMENT_TARGET = 14.0;
				MARKETING_VERSION = 1.0;
				PRODUCT_BUNDLE_IDENTIFIER = "architecture.mvvm-iosTests";
				PRODUCT_NAME = "$(TARGET_NAME)";
				SDKROOT = auto;
				SUPPORTED_PLATFORMS = "iphoneos iphonesimulator macosx";
				SWIFT_EMIT_LOC_STRINGS = NO;
				SWIFT_VERSION = 5.0;
				TARGETED_DEVICE_FAMILY = "1,2";
				TEST_HOST = "$(BUILT_PRODUCTS_DIR)/mvvm_ios.app/$(BUNDLE_EXECUTABLE_FOLDER_PATH)/mvvm_ios";
			};
			name = Debug;
		};
		CE8928962AD8A7850013B358 /* Release */ = {
			isa = XCBuildConfiguration;
			buildSettings = {
				ALWAYS_EMBED_SWIFT_STANDARD_LIBRARIES = YES;
				BUNDLE_LOADER = "$(TEST_HOST)";
				CODE_SIGN_STYLE = Automatic;
				CURRENT_PROJECT_VERSION = 1;
				DEAD_CODE_STRIPPING = YES;
				GENERATE_INFOPLIST_FILE = YES;
				IPHONEOS_DEPLOYMENT_TARGET = 17.0;
				MACOSX_DEPLOYMENT_TARGET = 14.0;
				MARKETING_VERSION = 1.0;
				PRODUCT_BUNDLE_IDENTIFIER = "architecture.mvvm-iosTests";
				PRODUCT_NAME = "$(TARGET_NAME)";
				SDKROOT = auto;
				SUPPORTED_PLATFORMS = "iphoneos iphonesimulator macosx";
				SWIFT_EMIT_LOC_STRINGS = NO;
				SWIFT_VERSION = 5.0;
				TARGETED_DEVICE_FAMILY = "1,2";
				TEST_HOST = "$(BUILT_PRODUCTS_DIR)/mvvm_ios.app/$(BUNDLE_EXECUTABLE_FOLDER_PATH)/mvvm_ios";
			};
			name = Release;
		};
		CE8928982AD8A7850013B358 /* Debug */ = {
			isa = XCBuildConfiguration;
			buildSettings = {
				ALWAYS_EMBED_SWIFT_STANDARD_LIBRARIES = YES;
				CODE_SIGN_STYLE = Automatic;
				CURRENT_PROJECT_VERSION = 1;
				DEAD_CODE_STRIPPING = YES;
				GENERATE_INFOPLIST_FILE = YES;
				IPHONEOS_DEPLOYMENT_TARGET = 17.0;
				MACOSX_DEPLOYMENT_TARGET = 14.0;
				MARKETING_VERSION = 1.0;
				PRODUCT_BUNDLE_IDENTIFIER = "architecture.mvvm-iosUITests";
				PRODUCT_NAME = "$(TARGET_NAME)";
				SDKROOT = auto;
				SUPPORTED_PLATFORMS = "iphoneos iphonesimulator macosx";
				SWIFT_EMIT_LOC_STRINGS = NO;
				SWIFT_VERSION = 5.0;
				TARGETED_DEVICE_FAMILY = "1,2";
				TEST_TARGET_NAME = mvvm_ios;
			};
			name = Debug;
		};
		CE8928992AD8A7850013B358 /* Release */ = {
			isa = XCBuildConfiguration;
			buildSettings = {
				ALWAYS_EMBED_SWIFT_STANDARD_LIBRARIES = YES;
				CODE_SIGN_STYLE = Automatic;
				CURRENT_PROJECT_VERSION = 1;
				DEAD_CODE_STRIPPING = YES;
				GENERATE_INFOPLIST_FILE = YES;
				IPHONEOS_DEPLOYMENT_TARGET = 17.0;
				MACOSX_DEPLOYMENT_TARGET = 14.0;
				MARKETING_VERSION = 1.0;
				PRODUCT_BUNDLE_IDENTIFIER = "architecture.mvvm-iosUITests";
				PRODUCT_NAME = "$(TARGET_NAME)";
				SDKROOT = auto;
				SUPPORTED_PLATFORMS = "iphoneos iphonesimulator macosx";
				SWIFT_EMIT_LOC_STRINGS = NO;
				SWIFT_VERSION = 5.0;
				TARGETED_DEVICE_FAMILY = "1,2";
				TEST_TARGET_NAME = mvvm_ios;
			};
			name = Release;
		};
/* End XCBuildConfiguration section */

/* Begin XCConfigurationList section */
		CE8928672AD8A7820013B358 /* Build configuration list for PBXProject "mvvm_ios" */ = {
			isa = XCConfigurationList;
			buildConfigurations = (
				CE89288F2AD8A7850013B358 /* Debug */,
				CE8928902AD8A7850013B358 /* Release */,
			);
			defaultConfigurationIsVisible = 0;
			defaultConfigurationName = Release;
		};
		CE8928912AD8A7850013B358 /* Build configuration list for PBXNativeTarget "mvvm_ios" */ = {
			isa = XCConfigurationList;
			buildConfigurations = (
				CE8928922AD8A7850013B358 /* Debug */,
				CE8928932AD8A7850013B358 /* Release */,
			);
			defaultConfigurationIsVisible = 0;
			defaultConfigurationName = Release;
		};
		CE8928942AD8A7850013B358 /* Build configuration list for PBXNativeTarget "mvvm_iosTests" */ = {
			isa = XCConfigurationList;
			buildConfigurations = (
				CE8928952AD8A7850013B358 /* Debug */,
				CE8928962AD8A7850013B358 /* Release */,
			);
			defaultConfigurationIsVisible = 0;
			defaultConfigurationName = Release;
		};
		CE8928972AD8A7850013B358 /* Build configuration list for PBXNativeTarget "mvvm_iosUITests" */ = {
			isa = XCConfigurationList;
			buildConfigurations = (
				CE8928982AD8A7850013B358 /* Debug */,
				CE8928992AD8A7850013B358 /* Release */,
			);
			defaultConfigurationIsVisible = 0;
			defaultConfigurationName = Release;
		};
/* End XCConfigurationList section */

/* Begin XCRemoteSwiftPackageReference section */
		CE44F29C2ADC99D900A5057E /* XCRemoteSwiftPackageReference "Resolver" */ = {
			isa = XCRemoteSwiftPackageReference;
			repositoryURL = "https://github.com/hmlongco/Resolver.git";
			requirement = {
				kind = upToNextMajorVersion;
				minimumVersion = 1.5.0;
			};
		};
/* End XCRemoteSwiftPackageReference section */

/* Begin XCSwiftPackageProductDependency section */
		CE44F29D2ADC99D900A5057E /* Resolver */ = {
			isa = XCSwiftPackageProductDependency;
			package = CE44F29C2ADC99D900A5057E /* XCRemoteSwiftPackageReference "Resolver" */;
			productName = Resolver;
		};
		CE44F29F2ADC99D900A5057E /* Resolver-Dynamic */ = {
			isa = XCSwiftPackageProductDependency;
			package = CE44F29C2ADC99D900A5057E /* XCRemoteSwiftPackageReference "Resolver" */;
			productName = "Resolver-Dynamic";
		};
		CE44F2A12ADC99D900A5057E /* Resolver-Static */ = {
			isa = XCSwiftPackageProductDependency;
			package = CE44F29C2ADC99D900A5057E /* XCRemoteSwiftPackageReference "Resolver" */;
			productName = "Resolver-Static";
		};
/* End XCSwiftPackageProductDependency section */
	};
	rootObject = CE8928642AD8A7820013B358 /* Project object */;
}
